
Microsoft Visual Studio Solution File, Format Version 12.00
# Visual Studio Version 17
VisualStudioVersion = 17.0.32112.339
MinimumVisualStudioVersion = 10.0.40219.1
Project("{9A19103F-16F7-4668-BE54-9A1E7A4F7556}") = "WebApp", "src\WebApp\WebApp.csproj", "{39F05F85-A28C-492D-A55F-6771AFD61D59}"
EndProject
Project("{9A19103F-16F7-4668-BE54-9A1E7A4F7556}") = "Core", "src\Core\Core.csproj", "{4C4334E8-8390-42F9-99C9-FB8AB8BD37A2}"
EndProject
Project("{9A19103F-16F7-4668-BE54-9A1E7A4F7556}") = "Application", "src\Application\Application.csproj", "{2814FB27-2CDF-47FD-B421-F55C69532B1F}"
EndProject
Project("{9A19103F-16F7-4668-BE54-9A1E7A4F7556}") = "Infra", "src\Infra\Infra.csproj", "{C09BEC8E-7647-4975-8641-16A7B88E62DF}"
EndProject
Project("{2150E333-8FDC-42A3-9474-1A3956D46DE8}") = "Solution Items", "Solution Items", "{423C2CA8-7218-44E5-83B4-2351C1438FF9}"
	ProjectSection(SolutionItems) = preProject
		.editorconfig = .editorconfig
		.gitignore = .gitignore
		LICENSE = LICENSE
	EndProjectSection
EndProject
Project("{FAE04EC0-301F-11D3-BF4B-00C04F79EFBC}") = "InfraTests", "src\InfraTests\InfraTests.csproj", "{9656160A-5A8A-41BA-94DB-C0B4D9FB9F9B}"
EndProject
Global
	GlobalSection(SolutionConfigurationPlatforms) = preSolution
		Debug|Any CPU = Debug|Any CPU
		Release|Any CPU = Release|Any CPU
	EndGlobalSection
	GlobalSection(ProjectConfigurationPlatforms) = postSolution
		{39F05F85-A28C-492D-A55F-6771AFD61D59}.Debug|Any CPU.ActiveCfg = Debug|Any CPU
		{39F05F85-A28C-492D-A55F-6771AFD61D59}.Debug|Any CPU.Build.0 = Debug|Any CPU
		{39F05F85-A28C-492D-A55F-6771AFD61D59}.Release|Any CPU.ActiveCfg = Release|Any CPU
		{39F05F85-A28C-492D-A55F-6771AFD61D59}.Release|Any CPU.Build.0 = Release|Any CPU
		{4C4334E8-8390-42F9-99C9-FB8AB8BD37A2}.Debug|Any CPU.ActiveCfg = Debug|Any CPU
		{4C4334E8-8390-42F9-99C9-FB8AB8BD37A2}.Debug|Any CPU.Build.0 = Debug|Any CPU
		{4C4334E8-8390-42F9-99C9-FB8AB8BD37A2}.Release|Any CPU.ActiveCfg = Release|Any CPU
		{4C4334E8-8390-42F9-99C9-FB8AB8BD37A2}.Release|Any CPU.Build.0 = Release|Any CPU
		{2814FB27-2CDF-47FD-B421-F55C69532B1F}.Debug|Any CPU.ActiveCfg = Debug|Any CPU
		{2814FB27-2CDF-47FD-B421-F55C69532B1F}.Debug|Any CPU.Build.0 = Debug|Any CPU
		{2814FB27-2CDF-47FD-B421-F55C69532B1F}.Release|Any CPU.ActiveCfg = Release|Any CPU
		{2814FB27-2CDF-47FD-B421-F55C69532B1F}.Release|Any CPU.Build.0 = Release|Any CPU
		{C09BEC8E-7647-4975-8641-16A7B88E62DF}.Debug|Any CPU.ActiveCfg = Debug|Any CPU
		{C09BEC8E-7647-4975-8641-16A7B88E62DF}.Debug|Any CPU.Build.0 = Debug|Any CPU
		{C09BEC8E-7647-4975-8641-16A7B88E62DF}.Release|Any CPU.ActiveCfg = Release|Any CPU
		{C09BEC8E-7647-4975-8641-16A7B88E62DF}.Release|Any CPU.Build.0 = Release|Any CPU
		{9656160A-5A8A-41BA-94DB-C0B4D9FB9F9B}.Debug|Any CPU.ActiveCfg = Debug|Any CPU
		{9656160A-5A8A-41BA-94DB-C0B4D9FB9F9B}.Debug|Any CPU.Build.0 = Debug|Any CPU
		{9656160A-5A8A-41BA-94DB-C0B4D9FB9F9B}.Release|Any CPU.ActiveCfg = Release|Any CPU
		{9656160A-5A8A-41BA-94DB-C0B4D9FB9F9B}.Release|Any CPU.Build.0 = Release|Any CPU
	EndGlobalSection
	GlobalSection(SolutionProperties) = preSolution
		HideSolutionNode = FALSE
	EndGlobalSection
	GlobalSection(ExtensibilityGlobals) = postSolution
		SolutionGuid = {EC5A86DE-DF32-4C8E-B758-4FBE49062A9D}
	EndGlobalSection
EndGlobal
